// !$*UTF8*$!
{
	archiveVersion = 1;
	classes = {
	};
	objectVersion = 56;
	objects = {

/* Begin PBXBuildFile section */
		B53774B12D90BA8600BFCAEF /* whiskyGuruApp.swift in Sources */ = {isa = PBXBuildFile; fileRef = B53774B02D90BA8600BFCAEF /* whiskyGuruApp.swift */; };
		B53774B32D90BA8600BFCAEF /* ContentView.swift in Sources */ = {isa = PBXBuildFile; fileRef = B53774B22D90BA8600BFCAEF /* ContentView.swift */; };
		B53774B52D90BA8700BFCAEF /* Assets.xcassets in Resources */ = {isa = PBXBuildFile; fileRef = B53774B42D90BA8700BFCAEF /* Assets.xcassets */; };
		B53774B82D90BA8700BFCAEF /* Preview Assets.xcassets in Resources */ = {isa = PBXBuildFile; fileRef = B53774B72D90BA8700BFCAEF /* Preview Assets.xcassets */; };
		B53774C22D90BA8700BFCAEF /* whiskyGuruTests.swift in Sources */ = {isa = PBXBuildFile; fileRef = B53774C12D90BA8700BFCAEF /* whiskyGuruTests.swift */; };
		B53774CC2D90BA8700BFCAEF /* whiskyGuruUITests.swift in Sources */ = {isa = PBXBuildFile; fileRef = B53774CB2D90BA8700BFCAEF /* whiskyGuruUITests.swift */; };
		B53774CE2D90BA8700BFCAEF /* whiskyGuruUITestsLaunchTests.swift in Sources */ = {isa = PBXBuildFile; fileRef = B53774CD2D90BA8700BFCAEF /* whiskyGuruUITestsLaunchTests.swift */; };
/* End PBXBuildFile section */

/* Begin PBXContainerItemProxy section */
		B53774BE2D90BA8700BFCAEF /* PBXContainerItemProxy */ = {
			isa = PBXContainerItemProxy;
			containerPortal = B53774A52D90BA8600BFCAEF /* Project object */;
			proxyType = 1;
			remoteGlobalIDString = B53774AC2D90BA8600BFCAEF;
			remoteInfo = whiskyGuru;
		};
		B53774C82D90BA8700BFCAEF /* PBXContainerItemProxy */ = {
			isa = PBXContainerItemProxy;
			containerPortal = B53774A52D90BA8600BFCAEF /* Project object */;
			proxyType = 1;
			remoteGlobalIDString = B53774AC2D90BA8600BFCAEF;
			remoteInfo = whiskyGuru;
		};
/* End PBXContainerItemProxy section */

/* Begin PBXFileReference section */
		B53774AD2D90BA8600BFCAEF /* whiskyGuru.app */ = {isa = PBXFileReference; explicitFileType = wrapper.application; includeInIndex = 0; path = whiskyGuru.app; sourceTree = BUILT_PRODUCTS_DIR; };
		B53774B02D90BA8600BFCAEF /* whiskyGuruApp.swift */ = {isa = PBXFileReference; lastKnownFileType = sourcecode.swift; path = whiskyGuruApp.swift; sourceTree = "<group>"; };
		B53774B22D90BA8600BFCAEF /* ContentView.swift */ = {isa = PBXFileReference; lastKnownFileType = sourcecode.swift; path = ContentView.swift; sourceTree = "<group>"; };
		B53774B42D90BA8700BFCAEF /* Assets.xcassets */ = {isa = PBXFileReference; lastKnownFileType = folder.assetcatalog; path = Assets.xcassets; sourceTree = "<group>"; };
		B53774B72D90BA8700BFCAEF /* Preview Assets.xcassets */ = {isa = PBXFileReference; lastKnownFileType = folder.assetcatalog; path = "Preview Assets.xcassets"; sourceTree = "<group>"; };
		B53774BD2D90BA8700BFCAEF /* whiskyGuruTests.xctest */ = {isa = PBXFileReference; explicitFileType = wrapper.cfbundle; includeInIndex = 0; path = whiskyGuruTests.xctest; sourceTree = BUILT_PRODUCTS_DIR; };
		B53774C12D90BA8700BFCAEF /* whiskyGuruTests.swift */ = {isa = PBXFileReference; lastKnownFileType = sourcecode.swift; path = whiskyGuruTests.swift; sourceTree = "<group>"; };
		B53774C72D90BA8700BFCAEF /* whiskyGuruUITests.xctest */ = {isa = PBXFileReference; explicitFileType = wrapper.cfbundle; includeInIndex = 0; path = whiskyGuruUITests.xctest; sourceTree = BUILT_PRODUCTS_DIR; };
		B53774CB2D90BA8700BFCAEF /* whiskyGuruUITests.swift */ = {isa = PBXFileReference; lastKnownFileType = sourcecode.swift; path = whiskyGuruUITests.swift; sourceTree = "<group>"; };
		B53774CD2D90BA8700BFCAEF /* whiskyGuruUITestsLaunchTests.swift */ = {isa = PBXFileReference; lastKnownFileType = sourcecode.swift; path = whiskyGuruUITestsLaunchTests.swift; sourceTree = "<group>"; };
/* End PBXFileReference section */

/* Begin PBXFrameworksBuildPhase section */
		B53774AA2D90BA8600BFCAEF /* Frameworks */ = {
			isa = PBXFrameworksBuildPhase;
			buildActionMask = 2147483647;
			files = (
			);
			runOnlyForDeploymentPostprocessing = 0;
		};
		B53774BA2D90BA8700BFCAEF /* Frameworks */ = {
			isa = PBXFrameworksBuildPhase;
			buildActionMask = 2147483647;
			files = (
			);
			runOnlyForDeploymentPostprocessing = 0;
		};
		B53774C42D90BA8700BFCAEF /* Frameworks */ = {
			isa = PBXFrameworksBuildPhase;
			buildActionMask = 2147483647;
			files = (
			);
			runOnlyForDeploymentPostprocessing = 0;
		};
/* End PBXFrameworksBuildPhase section */

/* Begin PBXGroup section */
		B53774A42D90BA8600BFCAEF = {
			isa = PBXGroup;
			children = (
				B53774AF2D90BA8600BFCAEF /* whiskyGuru */,
				B53774C02D90BA8700BFCAEF /* whiskyGuruTests */,
				B53774CA2D90BA8700BFCAEF /* whiskyGuruUITests */,
				B53774AE2D90BA8600BFCAEF /* Products */,
			);
			sourceTree = "<group>";
		};
		B53774AE2D90BA8600BFCAEF /* Products */ = {
			isa = PBXGroup;
			children = (
				B53774AD2D90BA8600BFCAEF /* whiskyGuru.app */,
				B53774BD2D90BA8700BFCAEF /* whiskyGuruTests.xctest */,
				B53774C72D90BA8700BFCAEF /* whiskyGuruUITests.xctest */,
			);
			name = Products;
			sourceTree = "<group>";
		};
		B53774AF2D90BA8600BFCAEF /* whiskyGuru */ = {
			isa = PBXGroup;
			children = (
				B53774B02D90BA8600BFCAEF /* whiskyGuruApp.swift */,
				B53774B22D90BA8600BFCAEF /* ContentView.swift */,
				B53774B42D90BA8700BFCAEF /* Assets.xcassets */,
				B53774B62D90BA8700BFCAEF /* Preview Content */,
			);
			path = whiskyGuru;
			sourceTree = "<group>";
		};
		B53774B62D90BA8700BFCAEF /* Preview Content */ = {
			isa = PBXGroup;
			children = (
				B53774B72D90BA8700BFCAEF /* Preview Assets.xcassets */,
			);
			path = "Preview Content";
			sourceTree = "<group>";
		};
		B53774C02D90BA8700BFCAEF /* whiskyGuruTests */ = {
			isa = PBXGroup;
			children = (
				B53774C12D90BA8700BFCAEF /* whiskyGuruTests.swift */,
			);
			path = whiskyGuruTests;
			sourceTree = "<group>";
		};
		B53774CA2D90BA8700BFCAEF /* whiskyGuruUITests */ = {
			isa = PBXGroup;
			children = (
				B53774CB2D90BA8700BFCAEF /* whiskyGuruUITests.swift */,
				B53774CD2D90BA8700BFCAEF /* whiskyGuruUITestsLaunchTests.swift */,
			);
			path = whiskyGuruUITests;
			sourceTree = "<group>";
		};
/* End PBXGroup section */

/* Begin PBXNativeTarget section */
		B53774AC2D90BA8600BFCAEF /* whiskyGuru */ = {
			isa = PBXNativeTarget;
			buildConfigurationList = B53774D12D90BA8700BFCAEF /* Build configuration list for PBXNativeTarget "whiskyGuru" */;
			buildPhases = (
				B53774A92D90BA8600BFCAEF /* Sources */,
				B53774AA2D90BA8600BFCAEF /* Frameworks */,
				B53774AB2D90BA8600BFCAEF /* Resources */,
			);
			buildRules = (
			);
			dependencies = (
			);
			name = whiskyGuru;
			productName = whiskyGuru;
			productReference = B53774AD2D90BA8600BFCAEF /* whiskyGuru.app */;
			productType = "com.apple.product-type.application";
		};
		B53774BC2D90BA8700BFCAEF /* whiskyGuruTests */ = {
			isa = PBXNativeTarget;
			buildConfigurationList = B53774D42D90BA8700BFCAEF /* Build configuration list for PBXNativeTarget "whiskyGuruTests" */;
			buildPhases = (
				B53774B92D90BA8700BFCAEF /* Sources */,
				B53774BA2D90BA8700BFCAEF /* Frameworks */,
				B53774BB2D90BA8700BFCAEF /* Resources */,
			);
			buildRules = (
			);
			dependencies = (
				B53774BF2D90BA8700BFCAEF /* PBXTargetDependency */,
			);
			name = whiskyGuruTests;
			productName = whiskyGuruTests;
			productReference = B53774BD2D90BA8700BFCAEF /* whiskyGuruTests.xctest */;
			productType = "com.apple.product-type.bundle.unit-test";
		};
		B53774C62D90BA8700BFCAEF /* whiskyGuruUITests */ = {
			isa = PBXNativeTarget;
			buildConfigurationList = B53774D72D90BA8700BFCAEF /* Build configuration list for PBXNativeTarget "whiskyGuruUITests" */;
			buildPhases = (
				B53774C32D90BA8700BFCAEF /* Sources */,
				B53774C42D90BA8700BFCAEF /* Frameworks */,
				B53774C52D90BA8700BFCAEF /* Resources */,
			);
			buildRules = (
			);
			dependencies = (
				B53774C92D90BA8700BFCAEF /* PBXTargetDependency */,
			);
			name = whiskyGuruUITests;
			productName = whiskyGuruUITests;
			productReference = B53774C72D90BA8700BFCAEF /* whiskyGuruUITests.xctest */;
			productType = "com.apple.product-type.bundle.ui-testing";
		};
/* End PBXNativeTarget section */

/* Begin PBXProject section */
		B53774A52D90BA8600BFCAEF /* Project object */ = {
			isa = PBXProject;
			attributes = {
				BuildIndependentTargetsInParallel = 1;
				LastSwiftUpdateCheck = 1540;
				LastUpgradeCheck = 1540;
				TargetAttributes = {
					B53774AC2D90BA8600BFCAEF = {
						CreatedOnToolsVersion = 15.4;
					};
					B53774BC2D90BA8700BFCAEF = {
						CreatedOnToolsVersion = 15.4;
						TestTargetID = B53774AC2D90BA8600BFCAEF;
					};
					B53774C62D90BA8700BFCAEF = {
						CreatedOnToolsVersion = 15.4;
						TestTargetID = B53774AC2D90BA8600BFCAEF;
					};
				};
			};
			buildConfigurationList = B53774A82D90BA8600BFCAEF /* Build configuration list for PBXProject "whiskyGuru" */;
			compatibilityVersion = "Xcode 14.0";
			developmentRegion = en;
			hasScannedForEncodings = 0;
			knownRegions = (
				en,
				Base,
			);
			mainGroup = B53774A42D90BA8600BFCAEF;
			productRefGroup = B53774AE2D90BA8600BFCAEF /* Products */;
			projectDirPath = "";
			projectRoot = "";
			targets = (
				B53774AC2D90BA8600BFCAEF /* whiskyGuru */,
				B53774BC2D90BA8700BFCAEF /* whiskyGuruTests */,
				B53774C62D90BA8700BFCAEF /* whiskyGuruUITests */,
			);
		};
/* End PBXProject section */

/* Begin PBXResourcesBuildPhase section */
		B53774AB2D90BA8600BFCAEF /* Resources */ = {
			isa = PBXResourcesBuildPhase;
			buildActionMask = 2147483647;
			files = (
				B53774B82D90BA8700BFCAEF /* Preview Assets.xcassets in Resources */,
				B53774B52D90BA8700BFCAEF /* Assets.xcassets in Resources */,
			);
			runOnlyForDeploymentPostprocessing = 0;
		};
		B53774BB2D90BA8700BFCAEF /* Resources */ = {
			isa = PBXResourcesBuildPhase;
			buildActionMask = 2147483647;
			files = (
			);
			runOnlyForDeploymentPostprocessing = 0;
		};
		B53774C52D90BA8700BFCAEF /* Resources */ = {
			isa = PBXResourcesBuildPhase;
			buildActionMask = 2147483647;
			files = (
			);
			runOnlyForDeploymentPostprocessing = 0;
		};
/* End PBXResourcesBuildPhase section */

/* Begin PBXSourcesBuildPhase section */
		B53774A92D90BA8600BFCAEF /* Sources */ = {
			isa = PBXSourcesBuildPhase;
			buildActionMask = 2147483647;
			files = (
				B53774B32D90BA8600BFCAEF /* ContentView.swift in Sources */,
				B53774B12D90BA8600BFCAEF /* whiskyGuruApp.swift in Sources */,
			);
			runOnlyForDeploymentPostprocessing = 0;
		};
		B53774B92D90BA8700BFCAEF /* Sources */ = {
			isa = PBXSourcesBuildPhase;
			buildActionMask = 2147483647;
			files = (
				B53774C22D90BA8700BFCAEF /* whiskyGuruTests.swift in Sources */,
			);
			runOnlyForDeploymentPostprocessing = 0;
		};
		B53774C32D90BA8700BFCAEF /* Sources */ = {
			isa = PBXSourcesBuildPhase;
			buildActionMask = 2147483647;
			files = (
				B53774CE2D90BA8700BFCAEF /* whiskyGuruUITestsLaunchTests.swift in Sources */,
				B53774CC2D90BA8700BFCAEF /* whiskyGuruUITests.swift in Sources */,
			);
			runOnlyForDeploymentPostprocessing = 0;
		};
/* End PBXSourcesBuildPhase section */

/* Begin PBXTargetDependency section */
		B53774BF2D90BA8700BFCAEF /* PBXTargetDependency */ = {
			isa = PBXTargetDependency;
			target = B53774AC2D90BA8600BFCAEF /* whiskyGuru */;
			targetProxy = B53774BE2D90BA8700BFCAEF /* PBXContainerItemProxy */;
		};
		B53774C92D90BA8700BFCAEF /* PBXTargetDependency */ = {
			isa = PBXTargetDependency;
			target = B53774AC2D90BA8600BFCAEF /* whiskyGuru */;
			targetProxy = B53774C82D90BA8700BFCAEF /* PBXContainerItemProxy */;
		};
/* End PBXTargetDependency section */

/* Begin XCBuildConfiguration section */
		B53774CF2D90BA8700BFCAEF /* Debug */ = {
			isa = XCBuildConfiguration;
			buildSettings = {
				ALWAYS_SEARCH_USER_PATHS = NO;
				ASSETCATALOG_COMPILER_GENERATE_SWIFT_ASSET_SYMBOL_EXTENSIONS = YES;
				CLANG_ANALYZER_NONNULL = YES;
				CLANG_ANALYZER_NUMBER_OBJECT_CONVERSION = YES_AGGRESSIVE;
				CLANG_CXX_LANGUAGE_STANDARD = "gnu++20";
				CLANG_ENABLE_MODULES = YES;
				CLANG_ENABLE_OBJC_ARC = YES;
				CLANG_ENABLE_OBJC_WEAK = YES;
				CLANG_WARN_BLOCK_CAPTURE_AUTORELEASING = YES;
				CLANG_WARN_BOOL_CONVERSION = YES;
				CLANG_WARN_COMMA = YES;
				CLANG_WARN_CONSTANT_CONVERSION = YES;
				CLANG_WARN_DEPRECATED_OBJC_IMPLEMENTATIONS = YES;
				CLANG_WARN_DIRECT_OBJC_ISA_USAGE = YES_ERROR;
				CLANG_WARN_DOCUMENTATION_COMMENTS = YES;
				CLANG_WARN_EMPTY_BODY = YES;
				CLANG_WARN_ENUM_CONVERSION = YES;
				CLANG_WARN_INFINITE_RECURSION = YES;
				CLANG_WARN_INT_CONVERSION = YES;
				CLANG_WARN_NON_LITERAL_NULL_CONVERSION = YES;
				CLANG_WARN_OBJC_IMPLICIT_RETAIN_SELF = YES;
				CLANG_WARN_OBJC_LITERAL_CONVERSION = YES;
				CLANG_WARN_OBJC_ROOT_CLASS = YES_ERROR;
				CLANG_WARN_QUOTED_INCLUDE_IN_FRAMEWORK_HEADER = YES;
				CLANG_WARN_RANGE_LOOP_ANALYSIS = YES;
				CLANG_WARN_STRICT_PROTOTYPES = YES;
				CLANG_WARN_SUSPICIOUS_MOVE = YES;
				CLANG_WARN_UNGUARDED_AVAILABILITY = YES_AGGRESSIVE;
				CLANG_WARN_UNREACHABLE_CODE = YES;
				CLANG_WARN__DUPLICATE_METHOD_MATCH = YES;
				COPY_PHASE_STRIP = NO;
				DEBUG_INFORMATION_FORMAT = dwarf;
				ENABLE_STRICT_OBJC_MSGSEND = YES;
				ENABLE_TESTABILITY = YES;
				ENABLE_USER_SCRIPT_SANDBOXING = YES;
				GCC_C_LANGUAGE_STANDARD = gnu17;
				GCC_DYNAMIC_NO_PIC = NO;
				GCC_NO_COMMON_BLOCKS = YES;
				GCC_OPTIMIZATION_LEVEL = 0;
				GCC_PREPROCESSOR_DEFINITIONS = (
					"DEBUG=1",
					"$(inherited)",
				);
				GCC_WARN_64_TO_32_BIT_CONVERSION = YES;
				GCC_WARN_ABOUT_RETURN_TYPE = YES_ERROR;
				GCC_WARN_UNDECLARED_SELECTOR = YES;
				GCC_WARN_UNINITIALIZED_AUTOS = YES_AGGRESSIVE;
				GCC_WARN_UNUSED_FUNCTION = YES;
				GCC_WARN_UNUSED_VARIABLE = YES;
				IPHONEOS_DEPLOYMENT_TARGET = 17.5;
				LOCALIZATION_PREFERS_STRING_CATALOGS = YES;
				MTL_ENABLE_DEBUG_INFO = INCLUDE_SOURCE;
				MTL_FAST_MATH = YES;
				ONLY_ACTIVE_ARCH = YES;
				SDKROOT = iphoneos;
				SWIFT_ACTIVE_COMPILATION_CONDITIONS = "DEBUG $(inherited)";
				SWIFT_OPTIMIZATION_LEVEL = "-Onone";
			};
			name = Debug;
		};
		B53774D02D90BA8700BFCAEF /* Release */ = {
			isa = XCBuildConfiguration;
			buildSettings = {
				ALWAYS_SEARCH_USER_PATHS = NO;
				ASSETCATALOG_COMPILER_GENERATE_SWIFT_ASSET_SYMBOL_EXTENSIONS = YES;
				CLANG_ANALYZER_NONNULL = YES;
				CLANG_ANALYZER_NUMBER_OBJECT_CONVERSION = YES_AGGRESSIVE;
				CLANG_CXX_LANGUAGE_STANDARD = "gnu++20";
				CLANG_ENABLE_MODULES = YES;
				CLANG_ENABLE_OBJC_ARC = YES;
				CLANG_ENABLE_OBJC_WEAK = YES;
				CLANG_WARN_BLOCK_CAPTURE_AUTORELEASING = YES;
				CLANG_WARN_BOOL_CONVERSION = YES;
				CLANG_WARN_COMMA = YES;
				CLANG_WARN_CONSTANT_CONVERSION = YES;
				CLANG_WARN_DEPRECATED_OBJC_IMPLEMENTATIONS = YES;
				CLANG_WARN_DIRECT_OBJC_ISA_USAGE = YES_ERROR;
				CLANG_WARN_DOCUMENTATION_COMMENTS = YES;
				CLANG_WARN_EMPTY_BODY = YES;
				CLANG_WARN_ENUM_CONVERSION = YES;
				CLANG_WARN_INFINITE_RECURSION = YES;
				CLANG_WARN_INT_CONVERSION = YES;
				CLANG_WARN_NON_LITERAL_NULL_CONVERSION = YES;
				CLANG_WARN_OBJC_IMPLICIT_RETAIN_SELF = YES;
				CLANG_WARN_OBJC_LITERAL_CONVERSION = YES;
				CLANG_WARN_OBJC_ROOT_CLASS = YES_ERROR;
				CLANG_WARN_QUOTED_INCLUDE_IN_FRAMEWORK_HEADER = YES;
				CLANG_WARN_RANGE_LOOP_ANALYSIS = YES;
				CLANG_WARN_STRICT_PROTOTYPES = YES;
				CLANG_WARN_SUSPICIOUS_MOVE = YES;
				CLANG_WARN_UNGUARDED_AVAILABILITY = YES_AGGRESSIVE;
				CLANG_WARN_UNREACHABLE_CODE = YES;
				CLANG_WARN__DUPLICATE_METHOD_MATCH = YES;
				COPY_PHASE_STRIP = NO;
				DEBUG_INFORMATION_FORMAT = "dwarf-with-dsym";
				ENABLE_NS_ASSERTIONS = NO;
				ENABLE_STRICT_OBJC_MSGSEND = YES;
				ENABLE_USER_SCRIPT_SANDBOXING = YES;
				GCC_C_LANGUAGE_STANDARD = gnu17;
				GCC_NO_COMMON_BLOCKS = YES;
				GCC_WARN_64_TO_32_BIT_CONVERSION = YES;
				GCC_WARN_ABOUT_RETURN_TYPE = YES_ERROR;
				GCC_WARN_UNDECLARED_SELECTOR = YES;
				GCC_WARN_UNINITIALIZED_AUTOS = YES_AGGRESSIVE;
				GCC_WARN_UNUSED_FUNCTION = YES;
				GCC_WARN_UNUSED_VARIABLE = YES;
				IPHONEOS_DEPLOYMENT_TARGET = 17.5;
				LOCALIZATION_PREFERS_STRING_CATALOGS = YES;
				MTL_ENABLE_DEBUG_INFO = NO;
				MTL_FAST_MATH = YES;
				SDKROOT = iphoneos;
				SWIFT_COMPILATION_MODE = wholemodule;
				VALIDATE_PRODUCT = YES;
			};
			name = Release;
		};
		B53774D22D90BA8700BFCAEF /* Debug */ = {
			isa = XCBuildConfiguration;
			buildSettings = {
				ASSETCATALOG_COMPILER_APPICON_NAME = AppIcon;
				ASSETCATALOG_COMPILER_GLOBAL_ACCENT_COLOR_NAME = AccentColor;
				CODE_SIGN_STYLE = Automatic;
				CURRENT_PROJECT_VERSION = 1;
				DEVELOPMENT_ASSET_PATHS = "\"whiskyGuru/Preview Content\"";
				ENABLE_PREVIEWS = YES;
				GENERATE_INFOPLIST_FILE = YES;
				INFOPLIST_KEY_UIApplicationSceneManifest_Generation = YES;
				INFOPLIST_KEY_UIApplicationSupportsIndirectInputEvents = YES;
				INFOPLIST_KEY_UILaunchScreen_Generation = YES;
				INFOPLIST_KEY_UISupportedInterfaceOrientations_iPad = "UIInterfaceOrientationPortrait UIInterfaceOrientationPortraitUpsideDown UIInterfaceOrientationLandscapeLeft UIInterfaceOrientationLandscapeRight";
				INFOPLIST_KEY_UISupportedInterfaceOrientations_iPhone = "UIInterfaceOrientationPortrait UIInterfaceOrientationLandscapeLeft UIInterfaceOrientationLandscapeRight";
				LD_RUNPATH_SEARCH_PATHS = (
					"$(inherited)",
					"@executable_path/Frameworks",
				);
				MARKETING_VERSION = 1.0;
				PRODUCT_BUNDLE_IDENTIFIER = kai.whiskyGuru;
				PRODUCT_NAME = "$(TARGET_NAME)";
				SWIFT_EMIT_LOC_STRINGS = YES;
				SWIFT_VERSION = 5.0;
				TARGETED_DEVICE_FAMILY = "1,2";
			};
			name = Debug;
		};
		B53774D32D90BA8700BFCAEF /* Release */ = {
			isa = XCBuildConfiguration;
			buildSettings = {
				ASSETCATALOG_COMPILER_APPICON_NAME = AppIcon;
				ASSETCATALOG_COMPILER_GLOBAL_ACCENT_COLOR_NAME = AccentColor;
				CODE_SIGN_STYLE = Automatic;
				CURRENT_PROJECT_VERSION = 1;
				DEVELOPMENT_ASSET_PATHS = "\"whiskyGuru/Preview Content\"";
				ENABLE_PREVIEWS = YES;
				GENERATE_INFOPLIST_FILE = YES;
				INFOPLIST_KEY_UIApplicationSceneManifest_Generation = YES;
				INFOPLIST_KEY_UIApplicationSupportsIndirectInputEvents = YES;
				INFOPLIST_KEY_UILaunchScreen_Generation = YES;
				INFOPLIST_KEY_UISupportedInterfaceOrientations_iPad = "UIInterfaceOrientationPortrait UIInterfaceOrientationPortraitUpsideDown UIInterfaceOrientationLandscapeLeft UIInterfaceOrientationLandscapeRight";
				INFOPLIST_KEY_UISupportedInterfaceOrientations_iPhone = "UIInterfaceOrientationPortrait UIInterfaceOrientationLandscapeLeft UIInterfaceOrientationLandscapeRight";
				LD_RUNPATH_SEARCH_PATHS = (
					"$(inherited)",
					"@executable_path/Frameworks",
				);
				MARKETING_VERSION = 1.0;
				PRODUCT_BUNDLE_IDENTIFIER = kai.whiskyGuru;
				PRODUCT_NAME = "$(TARGET_NAME)";
				SWIFT_EMIT_LOC_STRINGS = YES;
				SWIFT_VERSION = 5.0;
				TARGETED_DEVICE_FAMILY = "1,2";
			};
			name = Release;
		};
		B53774D52D90BA8700BFCAEF /* Debug */ = {
			isa = XCBuildConfiguration;
			buildSettings = {
				ALWAYS_EMBED_SWIFT_STANDARD_LIBRARIES = YES;
				BUNDLE_LOADER = "$(TEST_HOST)";
				CODE_SIGN_STYLE = Automatic;
				CURRENT_PROJECT_VERSION = 1;
				GENERATE_INFOPLIST_FILE = YES;
				IPHONEOS_DEPLOYMENT_TARGET = 17.5;
				MARKETING_VERSION = 1.0;
				PRODUCT_BUNDLE_IDENTIFIER = kai.whiskyGuruTests;
				PRODUCT_NAME = "$(TARGET_NAME)";
				SWIFT_EMIT_LOC_STRINGS = NO;
				SWIFT_VERSION = 5.0;
				TARGETED_DEVICE_FAMILY = "1,2";
				TEST_HOST = "$(BUILT_PRODUCTS_DIR)/whiskyGuru.app/$(BUNDLE_EXECUTABLE_FOLDER_PATH)/whiskyGuru";
			};
			name = Debug;
		};
		B53774D62D90BA8700BFCAEF /* Release */ = {
			isa = XCBuildConfiguration;
			buildSettings = {
				ALWAYS_EMBED_SWIFT_STANDARD_LIBRARIES = YES;
				BUNDLE_LOADER = "$(TEST_HOST)";
				CODE_SIGN_STYLE = Automatic;
				CURRENT_PROJECT_VERSION = 1;
				GENERATE_INFOPLIST_FILE = YES;
				IPHONEOS_DEPLOYMENT_TARGET = 17.5;
				MARKETING_VERSION = 1.0;
				PRODUCT_BUNDLE_IDENTIFIER = kai.whiskyGuruTests;
				PRODUCT_NAME = "$(TARGET_NAME)";
				SWIFT_EMIT_LOC_STRINGS = NO;
				SWIFT_VERSION = 5.0;
				TARGETED_DEVICE_FAMILY = "1,2";
				TEST_HOST = "$(BUILT_PRODUCTS_DIR)/whiskyGuru.app/$(BUNDLE_EXECUTABLE_FOLDER_PATH)/whiskyGuru";
			};
			name = Release;
		};
		B53774D82D90BA8700BFCAEF /* Debug */ = {
			isa = XCBuildConfiguration;
			buildSettings = {
				ALWAYS_EMBED_SWIFT_STANDARD_LIBRARIES = YES;
				CODE_SIGN_STYLE = Automatic;
				CURRENT_PROJECT_VERSION = 1;
				GENERATE_INFOPLIST_FILE = YES;
				MARKETING_VERSION = 1.0;
				PRODUCT_BUNDLE_IDENTIFIER = kai.whiskyGuruUITests;
				PRODUCT_NAME = "$(TARGET_NAME)";
				SWIFT_EMIT_LOC_STRINGS = NO;
				SWIFT_VERSION = 5.0;
				TARGETED_DEVICE_FAMILY = "1,2";
				TEST_TARGET_NAME = whiskyGuru;
			};
			name = Debug;
		};
		B53774D92D90BA8700BFCAEF /* Release */ = {
			isa = XCBuildConfiguration;
			buildSettings = {
				ALWAYS_EMBED_SWIFT_STANDARD_LIBRARIES = YES;
				CODE_SIGN_STYLE = Automatic;
				CURRENT_PROJECT_VERSION = 1;
				GENERATE_INFOPLIST_FILE = YES;
				MARKETING_VERSION = 1.0;
				PRODUCT_BUNDLE_IDENTIFIER = kai.whiskyGuruUITests;
				PRODUCT_NAME = "$(TARGET_NAME)";
				SWIFT_EMIT_LOC_STRINGS = NO;
				SWIFT_VERSION = 5.0;
				TARGETED_DEVICE_FAMILY = "1,2";
				TEST_TARGET_NAME = whiskyGuru;
			};
			name = Release;
		};
/* End XCBuildConfiguration section */

/* Begin XCConfigurationList section */
		B53774A82D90BA8600BFCAEF /* Build configuration list for PBXProject "whiskyGuru" */ = {
			isa = XCConfigurationList;
			buildConfigurations = (
				B53774CF2D90BA8700BFCAEF /* Debug */,
				B53774D02D90BA8700BFCAEF /* Release */,
			);
			defaultConfigurationIsVisible = 0;
			defaultConfigurationName = Release;
		};
		B53774D12D90BA8700BFCAEF /* Build configuration list for PBXNativeTarget "whiskyGuru" */ = {
			isa = XCConfigurationList;
			buildConfigurations = (
				B53774D22D90BA8700BFCAEF /* Debug */,
				B53774D32D90BA8700BFCAEF /* Release */,
			);
			defaultConfigurationIsVisible = 0;
			defaultConfigurationName = Release;
		};
		B53774D42D90BA8700BFCAEF /* Build configuration list for PBXNativeTarget "whiskyGuruTests" */ = {
			isa = XCConfigurationList;
			buildConfigurations = (
				B53774D52D90BA8700BFCAEF /* Debug */,
				B53774D62D90BA8700BFCAEF /* Release */,
			);
			defaultConfigurationIsVisible = 0;
			defaultConfigurationName = Release;
		};
		B53774D72D90BA8700BFCAEF /* Build configuration list for PBXNativeTarget "whiskyGuruUITests" */ = {
			isa = XCConfigurationList;
			buildConfigurations = (
				B53774D82D90BA8700BFCAEF /* Debug */,
				B53774D92D90BA8700BFCAEF /* Release */,
			);
			defaultConfigurationIsVisible = 0;
			defaultConfigurationName = Release;
		};
/* End XCConfigurationList section */
	};
	rootObject = B53774A52D90BA8600BFCAEF /* Project object */;
}
